
Microsoft Visual Studio Solution File, Format Version 11.00
# Visual Studio 2010
Project("{FAE04EC0-301F-11D3-BF4B-00C04F79EFBC}") = "HelloXamarin", "HelloXamarin\HelloXamarin.csproj", "{FB9D94D9-218D-4184-B56F-77952D237D5B}"
EndProject
Global
	GlobalSection(SolutionConfigurationPlatforms) = preSolution
		Debug|Any CPU = Debug|Any CPU
		Release|Any CPU = Release|Any CPU
	EndGlobalSection
	GlobalSection(ProjectConfigurationPlatforms) = postSolution
		{FB9D94D9-218D-4184-B56F-77952D237D5B}.Debug|Any CPU.ActiveCfg = Debug|Any CPU
		{FB9D94D9-218D-4184-B56F-77952D237D5B}.Debug|Any CPU.Build.0 = Debug|Any CPU
		{FB9D94D9-218D-4184-B56F-77952D237D5B}.Release|Any CPU.ActiveCfg = Release|Any CPU
		{FB9D94D9-218D-4184-B56F-77952D237D5B}.Release|Any CPU.Build.0 = Release|Any CPU
	EndGlobalSection
	GlobalSection(MonoDevelopProperties) = preSolution
		StartupItem = HelloXamarin\HelloXamarin.csproj
	EndGlobalSection
EndGlobal
